{
  "name": "report-generator-1",
  "lockfileVersion": 3,
  "requires": true,
  "packages": {
    "": {
      "dependencies": {
        "@heroui/input": "^2.4.22"
      },
      "devDependencies": {
        "autoprefixer": "^10.4.21",
        "postcss": "^8.5.6",
        "tailwindcss": "^4.1.11"
      }
    },
    "node_modules/@babel/runtime": {
      "version": "7.27.6",
      "resolved": "https://registry.npmjs.org/@babel/runtime/-/runtime-7.27.6.tgz",
      "integrity": "sha512-vbavdySgbTTrmFE+EsiqUTzlOr5bzlnJtUv9PynGCAKvfQqjIXbvFdumPM/GxMDfyuGMJaJAU6TO4zc1Jf1i8Q==",
      "license": "MIT",
      "engines": {
        "node": ">=6.9.0"
      }
    },
    "node_modules/@formatjs/ecma402-abstract": {
      "version": "2.3.4",
      "resolved": "https://registry.npmjs.org/@formatjs/ecma402-abstract/-/ecma402-abstract-2.3.4.tgz",
      "integrity": "sha512-qrycXDeaORzIqNhBOx0btnhpD1c+/qFIHAN9znofuMJX6QBwtbrmlpWfD4oiUUD2vJUOIYFA/gYtg2KAMGG7sA==",
      "license": "MIT",
      "dependencies": {
        "@formatjs/fast-memoize": "2.2.7",
        "@formatjs/intl-localematcher": "0.6.1",
        "decimal.js": "^10.4.3",
        "tslib": "^2.8.0"
      }
    },
    "node_modules/@formatjs/fast-memoize": {
      "version": "2.2.7",
      "resolved": "https://registry.npmjs.org/@formatjs/fast-memoize/-/fast-memoize-2.2.7.tgz",
      "integrity": "sha512-Yabmi9nSvyOMrlSeGGWDiH7rf3a7sIwplbvo/dlz9WCIjzIQAfy1RMf4S0X3yG724n5Ghu2GmEl5NJIV6O9sZQ==",
      "license": "MIT",
      "dependencies": {
        "tslib": "^2.8.0"
      }
    },
    "node_modules/@formatjs/icu-messageformat-parser": {
      "version": "2.11.2",
      "resolved": "https://registry.npmjs.org/@formatjs/icu-messageformat-parser/-/icu-messageformat-parser-2.11.2.tgz",
      "integrity": "sha512-AfiMi5NOSo2TQImsYAg8UYddsNJ/vUEv/HaNqiFjnI3ZFfWihUtD5QtuX6kHl8+H+d3qvnE/3HZrfzgdWpsLNA==",
      "license": "MIT",
      "dependencies": {
        "@formatjs/ecma402-abstract": "2.3.4",
        "@formatjs/icu-skeleton-parser": "1.8.14",
        "tslib": "^2.8.0"
      }
    },
    "node_modules/@formatjs/icu-skeleton-parser": {
      "version": "1.8.14",
      "resolved": "https://registry.npmjs.org/@formatjs/icu-skeleton-parser/-/icu-skeleton-parser-1.8.14.tgz",
      "integrity": "sha512-i4q4V4qslThK4Ig8SxyD76cp3+QJ3sAqr7f6q9VVfeGtxG9OhiAk3y9XF6Q41OymsKzsGQ6OQQoJNY4/lI8TcQ==",
      "license": "MIT",
      "dependencies": {
        "@formatjs/ecma402-abstract": "2.3.4",
        "tslib": "^2.8.0"
      }
    },
    "node_modules/@formatjs/intl-localematcher": {
      "version": "0.6.1",
      "resolved": "https://registry.npmjs.org/@formatjs/intl-localematcher/-/intl-localematcher-0.6.1.tgz",
      "integrity": "sha512-ePEgLgVCqi2BBFnTMWPfIghu6FkbZnnBVhO2sSxvLfrdFw7wCHAHiDoM2h4NRgjbaY7+B7HgOLZGkK187pZTZg==",
      "license": "MIT",
      "dependencies": {
        "tslib": "^2.8.0"
      }
    },
    "node_modules/@heroui/form": {
      "version": "2.1.21",
      "resolved": "https://registry.npmjs.org/@heroui/form/-/form-2.1.21.tgz",
      "integrity": "sha512-LS3sNgrSTXUq8KDoiA8DLyMmVuMRBDyzk9TKLTml6rms2yLCXtN/7BaP1QVqzm7QDXD6GUGVVae5yBCJYNZwqg==",
      "license": "MIT",
      "dependencies": {
        "@heroui/system": "2.4.18",
        "@heroui/theme": "2.4.17",
        "@react-aria/utils": "3.29.1",
        "@react-stately/form": "3.1.5",
        "@react-types/form": "3.7.13",
        "@react-types/shared": "3.30.0"
      },
      "peerDependencies": {
        "@heroui/system": ">=2.4.17",
        "@heroui/theme": ">=2.4.6",
        "react": ">=18",
        "react-dom": ">=18"
      }
    },
    "node_modules/@heroui/input": {
      "version": "2.4.22",
      "resolved": "https://registry.npmjs.org/@heroui/input/-/input-2.4.22.tgz",
      "integrity": "sha512-Mq4A6UwWqD3faC85sniFhFJJ1nq3Z64GzgVyAVPXCuRaSy4Y9rC4sh3EZHdap5s35w4Nde/H5ASZAtFhIUfOHg==",
      "license": "MIT",
      "dependencies": {
        "@heroui/form": "2.1.21",
        "@heroui/react-utils": "2.1.11",
        "@heroui/shared-icons": "2.1.9",
        "@heroui/shared-utils": "2.1.9",
        "@heroui/use-safe-layout-effect": "2.1.7",
        "@react-aria/focus": "3.20.5",
        "@react-aria/interactions": "3.25.3",
        "@react-aria/textfield": "3.17.5",
        "@react-aria/utils": "3.29.1",
        "@react-stately/utils": "3.10.7",
        "@react-types/shared": "3.30.0",
        "@react-types/textfield": "3.12.3",
        "react-textarea-autosize": "^8.5.3"
      },
      "peerDependencies": {
        "@heroui/system": ">=2.4.17",
        "@heroui/theme": ">=2.4.12",
        "react": ">=18 || >=19.0.0-rc.0",
        "react-dom": ">=18 || >=19.0.0-rc.0"
      }
    },
    "node_modules/@heroui/react-rsc-utils": {
      "version": "2.1.8",
      "resolved": "https://registry.npmjs.org/@heroui/react-rsc-utils/-/react-rsc-utils-2.1.8.tgz",
      "integrity": "sha512-qFJ0EYg2hVrsotAurd09ga8jZv1jTS6VSz919oC9u4E9xfN5/gFtdtF3HMiTUYRyN2yCP9GEZwyE8T2Y16DDiA==",
      "license": "MIT",
      "peerDependencies": {
        "react": ">=18 || >=19.0.0-rc.0"
      }
    },
    "node_modules/@heroui/react-utils": {
      "version": "2.1.11",
      "resolved": "https://registry.npmjs.org/@heroui/react-utils/-/react-utils-2.1.11.tgz",
      "integrity": "sha512-UZnZBlmmJKBo1YmGnlih5WbzR0m/Qr8GNFiY73C8NMcIuSjr3VQOjTDwRu1lerzCEDV/EEqvyu+MYySdkBUPXQ==",
      "license": "MIT",
      "dependencies": {
        "@heroui/react-rsc-utils": "2.1.8",
        "@heroui/shared-utils": "2.1.9"
      },
      "peerDependencies": {
        "react": ">=18 || >=19.0.0-rc.0"
      }
    },
    "node_modules/@heroui/shared-icons": {
      "version": "2.1.9",
      "resolved": "https://registry.npmjs.org/@heroui/shared-icons/-/shared-icons-2.1.9.tgz",
      "integrity": "sha512-CuKB8bKtRrZzxhU0dpaM9ecJWbs3ZfgWIQG0neYcbEQse0rS83VsKLokh+nmL8fNl69gq1ykT+HYsURnDGyrMw==",
      "license": "MIT",
      "peerDependencies": {
        "react": ">=18 || >=19.0.0-rc.0"
      }
    },
    "node_modules/@heroui/shared-utils": {
      "version": "2.1.9",
      "resolved": "https://registry.npmjs.org/@heroui/shared-utils/-/shared-utils-2.1.9.tgz",
      "integrity": "sha512-mM/Ep914cYMbw3T/b6+6loYhuNfzDaph76mzw/oIS05gw1Dhp9luCziSiIhqDGgzYck2d74oWTZlahyCsxf47w==",
      "hasInstallScript": true,
      "license": "MIT"
    },
    "node_modules/@heroui/system": {
      "version": "2.4.18",
      "resolved": "https://registry.npmjs.org/@heroui/system/-/system-2.4.18.tgz",
      "integrity": "sha512-KYRCeA5JJXiGQZ1VJ1aHPOVy23U48Sf3z1ezVBZHnm6/7pn3c1lyqFapyL5qNkpzZ7c2s99b1Klik67KN8mLiQ==",
      "license": "MIT",
      "dependencies": {
        "@heroui/react-utils": "2.1.11",
        "@heroui/system-rsc": "2.3.15",
        "@react-aria/i18n": "3.12.10",
        "@react-aria/overlays": "3.27.3",
        "@react-aria/utils": "3.29.1"
      },
      "peerDependencies": {
        "framer-motion": ">=11.5.6 || >=12.0.0-alpha.1",
        "react": ">=18 || >=19.0.0-rc.0",
        "react-dom": ">=18 || >=19.0.0-rc.0"
      }
    },
    "node_modules/@heroui/system-rsc": {
      "version": "2.3.15",
      "resolved": "https://registry.npmjs.org/@heroui/system-rsc/-/system-rsc-2.3.15.tgz",
      "integrity": "sha512-IGMgGTv9AEtjnA3ao8b3moxTHOiyH88hEH2tKd9lA9qkrXzuN0F81L34QxQMX0Zw7FwuxBdPXRSqcAvYx7ElNA==",
      "license": "MIT",
      "dependencies": {
        "@react-types/shared": "3.30.0",
        "clsx": "^1.2.1"
      },
      "peerDependencies": {
        "@heroui/theme": ">=2.4.6",
        "react": ">=18 || >=19.0.0-rc.0"
      }
    },
    "node_modules/@heroui/theme": {
      "version": "2.4.17",
      "resolved": "https://registry.npmjs.org/@heroui/theme/-/theme-2.4.17.tgz",
      "integrity": "sha512-I11ylsSsykVeQwEqMc8MyJy61zOOR68ilMCRXr7spQefSfwApuzQbFfxt5Tl/txlA3jo3j1Y97use0bm3stzCA==",
      "license": "MIT",
      "dependencies": {
        "@heroui/shared-utils": "2.1.9",
        "clsx": "^1.2.1",
        "color": "^4.2.3",
        "color2k": "^2.0.3",
        "deepmerge": "4.3.1",
        "flat": "^5.0.2",
        "tailwind-merge": "2.5.4",
        "tailwind-variants": "0.3.0"
      },
      "peerDependencies": {
        "tailwindcss": ">=3.4.0"
      }
    },
    "node_modules/@heroui/use-safe-layout-effect": {
      "version": "2.1.7",
      "resolved": "https://registry.npmjs.org/@heroui/use-safe-layout-effect/-/use-safe-layout-effect-2.1.7.tgz",
      "integrity": "sha512-ZiMc+nVjcE5aArC4PEmnLHSJj0WgAXq3udr7FZaosP/jrRdn5VPcfF9z9cIGNJD6MkZp+YP0XGslrIFKZww0Hw==",
      "license": "MIT",
      "peerDependencies": {
        "react": ">=18 || >=19.0.0-rc.0"
      }
    },
    "node_modules/@internationalized/date": {
      "version": "3.8.2",
      "resolved": "https://registry.npmjs.org/@internationalized/date/-/date-3.8.2.tgz",
      "integrity": "sha512-/wENk7CbvLbkUvX1tu0mwq49CVkkWpkXubGel6birjRPyo6uQ4nQpnq5xZu823zRCwwn82zgHrvgF1vZyvmVgA==",
      "license": "Apache-2.0",
      "dependencies": {
        "@swc/helpers": "^0.5.0"
      }
    },
    "node_modules/@internationalized/message": {
      "version": "3.1.8",
      "resolved": "https://registry.npmjs.org/@internationalized/message/-/message-3.1.8.tgz",
      "integrity": "sha512-Rwk3j/TlYZhn3HQ6PyXUV0XP9Uv42jqZGNegt0BXlxjE6G3+LwHjbQZAGHhCnCPdaA6Tvd3ma/7QzLlLkJxAWA==",
      "license": "Apache-2.0",
      "dependencies": {
        "@swc/helpers": "^0.5.0",
        "intl-messageformat": "^10.1.0"
      }
    },
    "node_modules/@internationalized/number": {
      "version": "3.6.3",
      "resolved": "https://registry.npmjs.org/@internationalized/number/-/number-3.6.3.tgz",
      "integrity": "sha512-p+Zh1sb6EfrfVaS86jlHGQ9HA66fJhV9x5LiE5vCbZtXEHAuhcmUZUdZ4WrFpUBfNalr2OkAJI5AcKEQF+Lebw==",
      "license": "Apache-2.0",
      "dependencies": {
        "@swc/helpers": "^0.5.0"
      }
    },
    "node_modules/@internationalized/string": {
      "version": "3.2.7",
      "resolved": "https://registry.npmjs.org/@internationalized/string/-/string-3.2.7.tgz",
      "integrity": "sha512-D4OHBjrinH+PFZPvfCXvG28n2LSykWcJ7GIioQL+ok0LON15SdfoUssoHzzOUmVZLbRoREsQXVzA6r8JKsbP6A==",
      "license": "Apache-2.0",
      "dependencies": {
        "@swc/helpers": "^0.5.0"
      }
    },
    "node_modules/@react-aria/focus": {
      "version": "3.20.5",
      "resolved": "https://registry.npmjs.org/@react-aria/focus/-/focus-3.20.5.tgz",
      "integrity": "sha512-JpFtXmWQ0Oca7FcvkqgjSyo6xEP7v3oQOLUId6o0xTvm4AD5W0mU2r3lYrbhsJ+XxdUUX4AVR5473sZZ85kU4A==",
      "license": "Apache-2.0",
      "dependencies": {
        "@react-aria/interactions": "^3.25.3",
        "@react-aria/utils": "^3.29.1",
        "@react-types/shared": "^3.30.0",
        "@swc/helpers": "^0.5.0",
        "clsx": "^2.0.0"
      },
      "peerDependencies": {
        "react": "^16.8.0 || ^17.0.0-rc.1 || ^18.0.0 || ^19.0.0-rc.1",
        "react-dom": "^16.8.0 || ^17.0.0-rc.1 || ^18.0.0 || ^19.0.0-rc.1"
      }
    },
    "node_modules/@react-aria/focus/node_modules/clsx": {
      "version": "2.1.1",
      "resolved": "https://registry.npmjs.org/clsx/-/clsx-2.1.1.tgz",
      "integrity": "sha512-eYm0QWBtUrBWZWG0d386OGAw16Z995PiOVo2B7bjWSbHedGl5e0ZWaq65kOGgUSNesEIDkB9ISbTg/JK9dhCZA==",
      "license": "MIT",
      "engines": {
        "node": ">=6"
      }
    },
    "node_modules/@react-aria/form": {
      "version": "3.0.18",
      "resolved": "https://registry.npmjs.org/@react-aria/form/-/form-3.0.18.tgz",
      "integrity": "sha512-e4Ktc3NiNwV5dz82zVE7lspYmKwAnGoJfOHgc9MApS7Fy/BEAuVUuLgTjMo1x5me7dY+ADxqrIhbOpifscGGoQ==",
      "license": "Apache-2.0",
      "dependencies": {
        "@react-aria/interactions": "^3.25.3",
        "@react-aria/utils": "^3.29.1",
        "@react-stately/form": "^3.1.5",
        "@react-types/shared": "^3.30.0",
        "@swc/helpers": "^0.5.0"
      },
      "peerDependencies": {
        "react": "^16.8.0 || ^17.0.0-rc.1 || ^18.0.0 || ^19.0.0-rc.1",
        "react-dom": "^16.8.0 || ^17.0.0-rc.1 || ^18.0.0 || ^19.0.0-rc.1"
      }
    },
    "node_modules/@react-aria/i18n": {
      "version": "3.12.10",
      "resolved": "https://registry.npmjs.org/@react-aria/i18n/-/i18n-3.12.10.tgz",
      "integrity": "sha512-1j00soQ2W0nTgzaaIsGFdMF/5aN60AEdCJPhmXGZiuWdWzMxObN9LQ9vdzYPTjTqyqMdSaSp9DZKs5I26Xovpw==",
      "license": "Apache-2.0",
      "dependencies": {
        "@internationalized/date": "^3.8.2",
        "@internationalized/message": "^3.1.8",
        "@internationalized/number": "^3.6.3",
        "@internationalized/string": "^3.2.7",
        "@react-aria/ssr": "^3.9.9",
        "@react-aria/utils": "^3.29.1",
        "@react-types/shared": "^3.30.0",
        "@swc/helpers": "^0.5.0"
      },
      "peerDependencies": {
        "react": "^16.8.0 || ^17.0.0-rc.1 || ^18.0.0 || ^19.0.0-rc.1",
        "react-dom": "^16.8.0 || ^17.0.0-rc.1 || ^18.0.0 || ^19.0.0-rc.1"
      }
    },
    "node_modules/@react-aria/interactions": {
      "version": "3.25.3",
      "resolved": "https://registry.npmjs.org/@react-aria/interactions/-/interactions-3.25.3.tgz",
      "integrity": "sha512-J1bhlrNtjPS/fe5uJQ+0c7/jiXniwa4RQlP+Emjfc/iuqpW2RhbF9ou5vROcLzWIyaW8tVMZ468J68rAs/aZ5A==",
      "license": "Apache-2.0",
      "dependencies": {
        "@react-aria/ssr": "^3.9.9",
        "@react-aria/utils": "^3.29.1",
        "@react-stately/flags": "^3.1.2",
        "@react-types/shared": "^3.30.0",
        "@swc/helpers": "^0.5.0"
      },
      "peerDependencies": {
        "react": "^16.8.0 || ^17.0.0-rc.1 || ^18.0.0 || ^19.0.0-rc.1",
        "react-dom": "^16.8.0 || ^17.0.0-rc.1 || ^18.0.0 || ^19.0.0-rc.1"
      }
    },
    "node_modules/@react-aria/label": {
      "version": "3.7.19",
      "resolved": "https://registry.npmjs.org/@react-aria/label/-/label-3.7.19.tgz",
      "integrity": "sha512-ZJIj/BKf66q52idy24ErzX77vDGuyQn4neWtu51RRSk4npI3pJqEPsdkPCdo2dlBCo/Uc1pfuLGg2hY3N/ni9Q==",
      "license": "Apache-2.0",
      "dependencies": {
        "@react-aria/utils": "^3.29.1",
        "@react-types/shared": "^3.30.0",
        "@swc/helpers": "^0.5.0"
      },
      "peerDependencies": {
        "react": "^16.8.0 || ^17.0.0-rc.1 || ^18.0.0 || ^19.0.0-rc.1",
        "react-dom": "^16.8.0 || ^17.0.0-rc.1 || ^18.0.0 || ^19.0.0-rc.1"
      }
    },
    "node_modules/@react-aria/overlays": {
      "version": "3.27.3",
      "resolved": "https://registry.npmjs.org/@react-aria/overlays/-/overlays-3.27.3.tgz",
      "integrity": "sha512-1hawsRI+QiM0TkPNwApNJ2+N49NQTP+48xq0JG8hdEUPChQLDoJ39cvT1sxdg0mnLDzLaAYkZrgfokq9sX6FLA==",
      "license": "Apache-2.0",
      "dependencies": {
        "@react-aria/focus": "^3.20.5",
        "@react-aria/i18n": "^3.12.10",
        "@react-aria/interactions": "^3.25.3",
        "@react-aria/ssr": "^3.9.9",
        "@react-aria/utils": "^3.29.1",
        "@react-aria/visually-hidden": "^3.8.25",
        "@react-stately/overlays": "^3.6.17",
        "@react-types/button": "^3.12.2",
        "@react-types/overlays": "^3.8.16",
        "@react-types/shared": "^3.30.0",
        "@swc/helpers": "^0.5.0"
      },
      "peerDependencies": {
        "react": "^16.8.0 || ^17.0.0-rc.1 || ^18.0.0 || ^19.0.0-rc.1",
        "react-dom": "^16.8.0 || ^17.0.0-rc.1 || ^18.0.0 || ^19.0.0-rc.1"
      }
    },
    "node_modules/@react-aria/ssr": {
      "version": "3.9.9",
      "resolved": "https://registry.npmjs.org/@react-aria/ssr/-/ssr-3.9.9.tgz",
      "integrity": "sha512-2P5thfjfPy/np18e5wD4WPt8ydNXhij1jwA8oehxZTFqlgVMGXzcWKxTb4RtJrLFsqPO7RUQTiY8QJk0M4Vy2g==",
      "license": "Apache-2.0",
      "dependencies": {
        "@swc/helpers": "^0.5.0"
      },
      "engines": {
        "node": ">= 12"
      },
      "peerDependencies": {
        "react": "^16.8.0 || ^17.0.0-rc.1 || ^18.0.0 || ^19.0.0-rc.1"
      }
    },
    "node_modules/@react-aria/textfield": {
      "version": "3.17.5",
      "resolved": "https://registry.npmjs.org/@react-aria/textfield/-/textfield-3.17.5.tgz",
      "integrity": "sha512-HFdvqd3Mdp6WP7uYAWD64gRrL1D4Khi+Fm3dIHBhm1ANV0QjYkphJm4DYNDq/MXCZF46+CZNiOWEbL/aeviykA==",
      "license": "Apache-2.0",
      "dependencies": {
        "@react-aria/form": "^3.0.18",
        "@react-aria/interactions": "^3.25.3",
        "@react-aria/label": "^3.7.19",
        "@react-aria/utils": "^3.29.1",
        "@react-stately/form": "^3.1.5",
        "@react-stately/utils": "^3.10.7",
        "@react-types/shared": "^3.30.0",
        "@react-types/textfield": "^3.12.3",
        "@swc/helpers": "^0.5.0"
      },
      "peerDependencies": {
        "react": "^16.8.0 || ^17.0.0-rc.1 || ^18.0.0 || ^19.0.0-rc.1",
        "react-dom": "^16.8.0 || ^17.0.0-rc.1 || ^18.0.0 || ^19.0.0-rc.1"
      }
    },
    "node_modules/@react-aria/utils": {
      "version": "3.29.1",
      "resolved": "https://registry.npmjs.org/@react-aria/utils/-/utils-3.29.1.tgz",
      "integrity": "sha512-yXMFVJ73rbQ/yYE/49n5Uidjw7kh192WNN9PNQGV0Xoc7EJUlSOxqhnpHmYTyO0EotJ8fdM1fMH8durHjUSI8g==",
      "license": "Apache-2.0",
      "dependencies": {
        "@react-aria/ssr": "^3.9.9",
        "@react-stately/flags": "^3.1.2",
        "@react-stately/utils": "^3.10.7",
        "@react-types/shared": "^3.30.0",
        "@swc/helpers": "^0.5.0",
        "clsx": "^2.0.0"
      },
      "peerDependencies": {
        "react": "^16.8.0 || ^17.0.0-rc.1 || ^18.0.0 || ^19.0.0-rc.1",
        "react-dom": "^16.8.0 || ^17.0.0-rc.1 || ^18.0.0 || ^19.0.0-rc.1"
      }
    },
    "node_modules/@react-aria/utils/node_modules/clsx": {
      "version": "2.1.1",
      "resolved": "https://registry.npmjs.org/clsx/-/clsx-2.1.1.tgz",
      "integrity": "sha512-eYm0QWBtUrBWZWG0d386OGAw16Z995PiOVo2B7bjWSbHedGl5e0ZWaq65kOGgUSNesEIDkB9ISbTg/JK9dhCZA==",
      "license": "MIT",
      "engines": {
        "node": ">=6"
      }
    },
    "node_modules/@react-aria/visually-hidden": {
      "version": "3.8.25",
      "resolved": "https://registry.npmjs.org/@react-aria/visually-hidden/-/visually-hidden-3.8.25.tgz",
      "integrity": "sha512-9tRRFV1YMLuDId9E8PeUf0xy0KmQBoP8y/bm0PKWzXOqLOVmp/+kop9rwsjC7J6ppbBnlak7XCXTc7GoSFOCRA==",
      "license": "Apache-2.0",
      "dependencies": {
        "@react-aria/interactions": "^3.25.3",
        "@react-aria/utils": "^3.29.1",
        "@react-types/shared": "^3.30.0",
        "@swc/helpers": "^0.5.0"
      },
      "peerDependencies": {
        "react": "^16.8.0 || ^17.0.0-rc.1 || ^18.0.0 || ^19.0.0-rc.1",
        "react-dom": "^16.8.0 || ^17.0.0-rc.1 || ^18.0.0 || ^19.0.0-rc.1"
      }
    },
    "node_modules/@react-stately/flags": {
      "version": "3.1.2",
      "resolved": "https://registry.npmjs.org/@react-stately/flags/-/flags-3.1.2.tgz",
      "integrity": "sha512-2HjFcZx1MyQXoPqcBGALwWWmgFVUk2TuKVIQxCbRq7fPyWXIl6VHcakCLurdtYC2Iks7zizvz0Idv48MQ38DWg==",
      "license": "Apache-2.0",
      "dependencies": {
        "@swc/helpers": "^0.5.0"
      }
    },
    "node_modules/@react-stately/form": {
      "version": "3.1.5",
      "resolved": "https://registry.npmjs.org/@react-stately/form/-/form-3.1.5.tgz",
      "integrity": "sha512-wOs0SVXFgNr1aIdywiNH1MhxrFlN5YxBr1k9y3Z7lX+pc/MGRJFTgfDDw5JDxvwLH9joJ9ciniCdWep9L/TqcQ==",
      "license": "Apache-2.0",
      "dependencies": {
        "@react-types/shared": "^3.30.0",
        "@swc/helpers": "^0.5.0"
      },
      "peerDependencies": {
        "react": "^16.8.0 || ^17.0.0-rc.1 || ^18.0.0 || ^19.0.0-rc.1"
      }
    },
    "node_modules/@react-stately/overlays": {
      "version": "3.6.17",
      "resolved": "https://registry.npmjs.org/@react-stately/overlays/-/overlays-3.6.17.tgz",
      "integrity": "sha512-bkGYU4NPC/LgX9OGHLG8hpf9QDoazlb6fKfD+b5o7GtOdctBqCR287T/IBOQyvHqpySqrQ8XlyaGxJPGIcCiZw==",
      "license": "Apache-2.0",
      "dependencies": {
        "@react-stately/utils": "^3.10.7",
        "@react-types/overlays": "^3.8.16",
        "@swc/helpers": "^0.5.0"
      },
      "peerDependencies": {
        "react": "^16.8.0 || ^17.0.0-rc.1 || ^18.0.0 || ^19.0.0-rc.1"
      }
    },
    "node_modules/@react-stately/utils": {
      "version": "3.10.7",
      "resolved": "https://registry.npmjs.org/@react-stately/utils/-/utils-3.10.7.tgz",
      "integrity": "sha512-cWvjGAocvy4abO9zbr6PW6taHgF24Mwy/LbQ4TC4Aq3tKdKDntxyD+sh7AkSRfJRT2ccMVaHVv2+FfHThd3PKQ==",
      "license": "Apache-2.0",
      "dependencies": {
        "@swc/helpers": "^0.5.0"
      },
      "peerDependencies": {
        "react": "^16.8.0 || ^17.0.0-rc.1 || ^18.0.0 || ^19.0.0-rc.1"
      }
    },
    "node_modules/@react-types/button": {
      "version": "3.12.2",
      "resolved": "https://registry.npmjs.org/@react-types/button/-/button-3.12.2.tgz",
      "integrity": "sha512-QLoSCX8E7NFIdkVMa65TPieve0rKeltfcIxiMtrphjfNn+83L0IHMcbhjf4r4W19c/zqGbw3E53Hx8mNukoTUw==",
      "license": "Apache-2.0",
      "dependencies": {
        "@react-types/shared": "^3.30.0"
      },
      "peerDependencies": {
        "react": "^16.8.0 || ^17.0.0-rc.1 || ^18.0.0 || ^19.0.0-rc.1"
      }
    },
    "node_modules/@react-types/form": {
      "version": "3.7.13",
      "resolved": "https://registry.npmjs.org/@react-types/form/-/form-3.7.13.tgz",
      "integrity": "sha512-Ryw9QDLpHi0xsNe+eucgpADeaRSmsd7+SBsL15soEXJ50K/EoPtQOkm6fE4lhfqAX8or12UF9FBcBLULmfCVNQ==",
      "license": "Apache-2.0",
      "dependencies": {
        "@react-types/shared": "^3.30.0"
      },
      "peerDependencies": {
        "react": "^16.8.0 || ^17.0.0-rc.1 || ^18.0.0 || ^19.0.0-rc.1"
      }
    },
    "node_modules/@react-types/overlays": {
      "version": "3.8.16",
      "resolved": "https://registry.npmjs.org/@react-types/overlays/-/overlays-3.8.16.tgz",
      "integrity": "sha512-Aj9jIFwALk9LiOV/s3rVie+vr5qWfaJp/6aGOuc2StSNDTHvj1urSAr3T0bT8wDlkrqnlS4JjEGE40ypfOkbAA==",
      "license": "Apache-2.0",
      "dependencies": {
        "@react-types/shared": "^3.30.0"
      },
      "peerDependencies": {
        "react": "^16.8.0 || ^17.0.0-rc.1 || ^18.0.0 || ^19.0.0-rc.1"
      }
    },
    "node_modules/@react-types/shared": {
      "version": "3.30.0",
      "resolved": "https://registry.npmjs.org/@react-types/shared/-/shared-3.30.0.tgz",
      "integrity": "sha512-COIazDAx1ncDg046cTJ8SFYsX8aS3lB/08LDnbkH/SkdYrFPWDlXMrO/sUam8j1WWM+PJ+4d1mj7tODIKNiFog==",
      "license": "Apache-2.0",
      "peerDependencies": {
        "react": "^16.8.0 || ^17.0.0-rc.1 || ^18.0.0 || ^19.0.0-rc.1"
      }
    },
    "node_modules/@react-types/textfield": {
      "version": "3.12.3",
      "resolved": "https://registry.npmjs.org/@react-types/textfield/-/textfield-3.12.3.tgz",
      "integrity": "sha512-72tt2GJSyVFPPqZLrlfWqVn5KRnWzXsXCZ3IDawcGunl4pu+2E24jd0CWN9kOi0ETO65flj2sljeytxKytXnlA==",
      "license": "Apache-2.0",
      "dependencies": {
        "@react-types/shared": "^3.30.0"
      },
      "peerDependencies": {
        "react": "^16.8.0 || ^17.0.0-rc.1 || ^18.0.0 || ^19.0.0-rc.1"
      }
    },
    "node_modules/@swc/helpers": {
      "version": "0.5.17",
      "resolved": "https://registry.npmjs.org/@swc/helpers/-/helpers-0.5.17.tgz",
      "integrity": "sha512-5IKx/Y13RsYd+sauPb2x+U/xZikHjolzfuDgTAl/Tdf3Q8rslRvC19NKDLgAJQ6wsqADk10ntlv08nPFw/gO/A==",
      "license": "Apache-2.0",
      "dependencies": {
        "tslib": "^2.8.0"
      }
    },
    "node_modules/autoprefixer": {
      "version": "10.4.21",
      "resolved": "https://registry.npmjs.org/autoprefixer/-/autoprefixer-10.4.21.tgz",
      "integrity": "sha512-O+A6LWV5LDHSJD3LjHYoNi4VLsj/Whi7k6zG12xTYaU4cQ8oxQGckXNX8cRHK5yOZ/ppVHe0ZBXGzSV9jXdVbQ==",
      "dev": true,
      "funding": [
        {
          "type": "opencollective",
          "url": "https://opencollective.com/postcss/"
        },
        {
          "type": "tidelift",
          "url": "https://tidelift.com/funding/github/npm/autoprefixer"
        },
        {
          "type": "github",
          "url": "https://github.com/sponsors/ai"
        }
      ],
      "license": "MIT",
      "dependencies": {
        "browserslist": "^4.24.4",
        "caniuse-lite": "^1.0.30001702",
        "fraction.js": "^4.3.7",
        "normalize-range": "^0.1.2",
        "picocolors": "^1.1.1",
        "postcss-value-parser": "^4.2.0"
      },
      "bin": {
        "autoprefixer": "bin/autoprefixer"
      },
      "engines": {
        "node": "^10 || ^12 || >=14"
      },
      "peerDependencies": {
        "postcss": "^8.1.0"
      }
    },
    "node_modules/browserslist": {
      "version": "4.25.1",
      "resolved": "https://registry.npmjs.org/browserslist/-/browserslist-4.25.1.tgz",
      "integrity": "sha512-KGj0KoOMXLpSNkkEI6Z6mShmQy0bc1I+T7K9N81k4WWMrfz+6fQ6es80B/YLAeRoKvjYE1YSHHOW1qe9xIVzHw==",
      "dev": true,
      "funding": [
        {
          "type": "opencollective",
          "url": "https://opencollective.com/browserslist"
        },
        {
          "type": "tidelift",
          "url": "https://tidelift.com/funding/github/npm/browserslist"
        },
        {
          "type": "github",
          "url": "https://github.com/sponsors/ai"
        }
      ],
      "license": "MIT",
      "dependencies": {
        "caniuse-lite": "^1.0.30001726",
        "electron-to-chromium": "^1.5.173",
        "node-releases": "^2.0.19",
        "update-browserslist-db": "^1.1.3"
      },
      "bin": {
        "browserslist": "cli.js"
      },
      "engines": {
        "node": "^6 || ^7 || ^8 || ^9 || ^10 || ^11 || ^12 || >=13.7"
      }
    },
    "node_modules/caniuse-lite": {
      "version": "1.0.30001726",
      "resolved": "https://registry.npmjs.org/caniuse-lite/-/caniuse-lite-1.0.30001726.tgz",
      "integrity": "sha512-VQAUIUzBiZ/UnlM28fSp2CRF3ivUn1BWEvxMcVTNwpw91Py1pGbPIyIKtd+tzct9C3ouceCVdGAXxZOpZAsgdw==",
      "dev": true,
      "funding": [
        {
          "type": "opencollective",
          "url": "https://opencollective.com/browserslist"
        },
        {
          "type": "tidelift",
          "url": "https://tidelift.com/funding/github/npm/caniuse-lite"
        },
        {
          "type": "github",
          "url": "https://github.com/sponsors/ai"
        }
      ],
      "license": "CC-BY-4.0"
    },
    "node_modules/clsx": {
      "version": "1.2.1",
      "resolved": "https://registry.npmjs.org/clsx/-/clsx-1.2.1.tgz",
      "integrity": "sha512-EcR6r5a8bj6pu3ycsa/E/cKVGuTgZJZdsyUYHOksG/UHIiKfjxzRxYJpyVBwYaQeOvghal9fcc4PidlgzugAQg==",
      "license": "MIT",
      "engines": {
        "node": ">=6"
      }
    },
    "node_modules/color": {
      "version": "4.2.3",
      "resolved": "https://registry.npmjs.org/color/-/color-4.2.3.tgz",
      "integrity": "sha512-1rXeuUUiGGrykh+CeBdu5Ie7OJwinCgQY0bc7GCRxy5xVHy+moaqkpL/jqQq0MtQOeYcrqEz4abc5f0KtU7W4A==",
      "license": "MIT",
      "dependencies": {
        "color-convert": "^2.0.1",
        "color-string": "^1.9.0"
      },
      "engines": {
        "node": ">=12.5.0"
      }
    },
    "node_modules/color-convert": {
      "version": "2.0.1",
      "resolved": "https://registry.npmjs.org/color-convert/-/color-convert-2.0.1.tgz",
      "integrity": "sha512-RRECPsj7iu/xb5oKYcsFHSppFNnsj/52OVTRKb4zP5onXwVF3zVmmToNcOfGC+CRDpfK/U584fMg38ZHCaElKQ==",
      "license": "MIT",
      "dependencies": {
        "color-name": "~1.1.4"
      },
      "engines": {
        "node": ">=7.0.0"
      }
    },
    "node_modules/color-name": {
      "version": "1.1.4",
      "resolved": "https://registry.npmjs.org/color-name/-/color-name-1.1.4.tgz",
      "integrity": "sha512-dOy+3AuW3a2wNbZHIuMZpTcgjGuLU/uBL/ubcZF9OXbDo8ff4O8yVp5Bf0efS8uEoYo5q4Fx7dY9OgQGXgAsQA==",
      "license": "MIT"
    },
    "node_modules/color-string": {
      "version": "1.9.1",
      "resolved": "https://registry.npmjs.org/color-string/-/color-string-1.9.1.tgz",
      "integrity": "sha512-shrVawQFojnZv6xM40anx4CkoDP+fZsw/ZerEMsW/pyzsRbElpsL/DBVW7q3ExxwusdNXI3lXpuhEZkzs8p5Eg==",
      "license": "MIT",
      "dependencies": {
        "color-name": "^1.0.0",
        "simple-swizzle": "^0.2.2"
      }
    },
    "node_modules/color2k": {
      "version": "2.0.3",
      "resolved": "https://registry.npmjs.org/color2k/-/color2k-2.0.3.tgz",
      "integrity": "sha512-zW190nQTIoXcGCaU08DvVNFTmQhUpnJfVuAKfWqUQkflXKpaDdpaYoM0iluLS9lgJNHyBF58KKA2FBEwkD7wog==",
      "license": "MIT"
    },
    "node_modules/decimal.js": {
      "version": "10.5.0",
      "resolved": "https://registry.npmjs.org/decimal.js/-/decimal.js-10.5.0.tgz",
      "integrity": "sha512-8vDa8Qxvr/+d94hSh5P3IJwI5t8/c0KsMp+g8bNw9cY2icONa5aPfvKeieW1WlG0WQYwwhJ7mjui2xtiePQSXw==",
      "license": "MIT"
    },
    "node_modules/deepmerge": {
      "version": "4.3.1",
      "resolved": "https://registry.npmjs.org/deepmerge/-/deepmerge-4.3.1.tgz",
      "integrity": "sha512-3sUqbMEc77XqpdNO7FRyRog+eW3ph+GYCbj+rK+uYyRMuwsVy0rMiVtPn+QJlKFvWP/1PYpapqYn0Me2knFn+A==",
      "license": "MIT",
      "engines": {
        "node": ">=0.10.0"
      }
    },
    "node_modules/electron-to-chromium": {
      "version": "1.5.178",
      "resolved": "https://registry.npmjs.org/electron-to-chromium/-/electron-to-chromium-1.5.178.tgz",
      "integrity": "sha512-wObbz/ar3Bc6e4X5vf0iO8xTN8YAjN/tgiAOJLr7yjYFtP9wAjq8Mb5h0yn6kResir+VYx2DXBj9NNobs0ETSA==",
      "dev": true,
      "license": "ISC"
    },
    "node_modules/escalade": {
      "version": "3.2.0",
      "resolved": "https://registry.npmjs.org/escalade/-/escalade-3.2.0.tgz",
      "integrity": "sha512-WUj2qlxaQtO4g6Pq5c29GTcWGDyd8itL8zTlipgECz3JesAiiOKotd8JU6otB3PACgG6xkJUyVhboMS+bje/jA==",
      "dev": true,
      "license": "MIT",
      "engines": {
        "node": ">=6"
      }
    },
    "node_modules/flat": {
      "version": "5.0.2",
      "resolved": "https://registry.npmjs.org/flat/-/flat-5.0.2.tgz",
      "integrity": "sha512-b6suED+5/3rTpUBdG1gupIl8MPFCAMA0QXwmljLhvCUKcUvdE4gWky9zpuGCcXHOsz4J9wPGNWq6OKpmIzz3hQ==",
      "license": "BSD-3-Clause",
      "bin": {
        "flat": "cli.js"
      }
    },
    "node_modules/fraction.js": {
      "version": "4.3.7",
      "resolved": "https://registry.npmjs.org/fraction.js/-/fraction.js-4.3.7.tgz",
      "integrity": "sha512-ZsDfxO51wGAXREY55a7la9LScWpwv9RxIrYABrlvOFBlH/ShPnrtsXeuUIfXKKOVicNxQ+o8JTbJvjS4M89yew==",
      "dev": true,
      "license": "MIT",
      "engines": {
        "node": "*"
      },
      "funding": {
        "type": "patreon",
        "url": "https://github.com/sponsors/rawify"
      }
    },
    "node_modules/framer-motion": {
      "version": "12.22.0",
      "resolved": "https://registry.npmjs.org/framer-motion/-/framer-motion-12.22.0.tgz",
      "integrity": "sha512-qG07rR8/mboCNU34nORbrIbBXbJzP4aDqBdr67TAIVlMryDEOwh7LXjylWovlnPCMg78ExoY0Gn2F1fV+3DNIw==",
      "license": "MIT",
      "peer": true,
      "dependencies": {
        "motion-dom": "^12.22.0",
        "motion-utils": "^12.19.0",
        "tslib": "^2.4.0"
      },
      "peerDependencies": {
        "@emotion/is-prop-valid": "*",
        "react": "^18.0.0 || ^19.0.0",
        "react-dom": "^18.0.0 || ^19.0.0"
      },
      "peerDependenciesMeta": {
        "@emotion/is-prop-valid": {
          "optional": true
        },
        "react": {
          "optional": true
        },
        "react-dom": {
          "optional": true
        }
      }
    },
    "node_modules/intl-messageformat": {
      "version": "10.7.16",
      "resolved": "https://registry.npmjs.org/intl-messageformat/-/intl-messageformat-10.7.16.tgz",
      "integrity": "sha512-UmdmHUmp5CIKKjSoE10la5yfU+AYJAaiYLsodbjL4lji83JNvgOQUjGaGhGrpFCb0Uh7sl7qfP1IyILa8Z40ug==",
      "license": "BSD-3-Clause",
      "dependencies": {
        "@formatjs/ecma402-abstract": "2.3.4",
        "@formatjs/fast-memoize": "2.2.7",
        "@formatjs/icu-messageformat-parser": "2.11.2",
        "tslib": "^2.8.0"
      }
    },
    "node_modules/is-arrayish": {
      "version": "0.3.2",
      "resolved": "https://registry.npmjs.org/is-arrayish/-/is-arrayish-0.3.2.tgz",
      "integrity": "sha512-eVRqCvVlZbuw3GrM63ovNSNAeA1K16kaR/LRY/92w0zxQ5/1YzwblUX652i4Xs9RwAGjW9d9y6X88t8OaAJfWQ==",
      "license": "MIT"
    },
    "node_modules/motion-dom": {
      "version": "12.22.0",
      "resolved": "https://registry.npmjs.org/motion-dom/-/motion-dom-12.22.0.tgz",
      "integrity": "sha512-ooH7+/BPw9gOsL9VtPhEJHE2m4ltnhMlcGMhEqA0YGNhKof7jdaszvsyThXI6LVIKshJUZ9/CP6HNqQhJfV7kw==",
      "license": "MIT",
      "peer": true,
      "dependencies": {
        "motion-utils": "^12.19.0"
      }
    },
    "node_modules/motion-utils": {
      "version": "12.19.0",
      "resolved": "https://registry.npmjs.org/motion-utils/-/motion-utils-12.19.0.tgz",
      "integrity": "sha512-BuFTHINYmV07pdWs6lj6aI63vr2N4dg0vR+td0rtrdpWOhBzIkEklZyLcvKBoEtwSqx8Jg06vUB5RS0xDiUybw==",
      "license": "MIT",
      "peer": true
    },
    "node_modules/nanoid": {
      "version": "3.3.11",
      "resolved": "https://registry.npmjs.org/nanoid/-/nanoid-3.3.11.tgz",
      "integrity": "sha512-N8SpfPUnUp1bK+PMYW8qSWdl9U+wwNWI4QKxOYDy9JAro3WMX7p2OeVRF9v+347pnakNevPmiHhNmZ2HbFA76w==",
      "dev": true,
      "funding": [
        {
          "type": "github",
          "url": "https://github.com/sponsors/ai"
        }
      ],
      "license": "MIT",
      "bin": {
        "nanoid": "bin/nanoid.cjs"
      },
      "engines": {
        "node": "^10 || ^12 || ^13.7 || ^14 || >=15.0.1"
      }
    },
    "node_modules/node-releases": {
      "version": "2.0.19",
      "resolved": "https://registry.npmjs.org/node-releases/-/node-releases-2.0.19.tgz",
      "integrity": "sha512-xxOWJsBKtzAq7DY0J+DTzuz58K8e7sJbdgwkbMWQe8UYB6ekmsQ45q0M/tJDsGaZmbC+l7n57UV8Hl5tHxO9uw==",
      "dev": true,
      "license": "MIT"
    },
    "node_modules/normalize-range": {
      "version": "0.1.2",
      "resolved": "https://registry.npmjs.org/normalize-range/-/normalize-range-0.1.2.tgz",
      "integrity": "sha512-bdok/XvKII3nUpklnV6P2hxtMNrCboOjAcyBuQnWEhO665FwrSNRxU+AqpsyvO6LgGYPspN+lu5CLtw4jPRKNA==",
      "dev": true,
      "license": "MIT",
      "engines": {
        "node": ">=0.10.0"
      }
    },
    "node_modules/picocolors": {
      "version": "1.1.1",
      "resolved": "https://registry.npmjs.org/picocolors/-/picocolors-1.1.1.tgz",
      "integrity": "sha512-xceH2snhtb5M9liqDsmEw56le376mTZkEX/jEb/RxNFyegNul7eNslCXP9FDj/Lcu0X8KEyMceP2ntpaHrDEVA==",
      "dev": true,
      "license": "ISC"
    },
    "node_modules/postcss": {
      "version": "8.5.6",
      "resolved": "https://registry.npmjs.org/postcss/-/postcss-8.5.6.tgz",
      "integrity": "sha512-3Ybi1tAuwAP9s0r1UQ2J4n5Y0G05bJkpUIO0/bI9MhwmD70S5aTWbXGBwxHrelT+XM1k6dM0pk+SwNkpTRN7Pg==",
      "dev": true,
      "funding": [
        {
          "type": "opencollective",
          "url": "https://opencollective.com/postcss/"
        },
        {
          "type": "tidelift",
          "url": "https://tidelift.com/funding/github/npm/postcss"
        },
        {
          "type": "github",
          "url": "https://github.com/sponsors/ai"
        }
      ],
      "license": "MIT",
      "dependencies": {
        "nanoid": "^3.3.11",
        "picocolors": "^1.1.1",
        "source-map-js": "^1.2.1"
      },
      "engines": {
        "node": "^10 || ^12 || >=14"
      }
    },
    "node_modules/postcss-value-parser": {
      "version": "4.2.0",
      "resolved": "https://registry.npmjs.org/postcss-value-parser/-/postcss-value-parser-4.2.0.tgz",
      "integrity": "sha512-1NNCs6uurfkVbeXG4S8JFT9t19m45ICnif8zWLd5oPSZ50QnwMfK+H3jv408d4jw/7Bttv5axS5IiHoLaVNHeQ==",
      "dev": true,
      "license": "MIT"
    },
    "node_modules/react": {
      "version": "19.1.0",
      "resolved": "https://registry.npmjs.org/react/-/react-19.1.0.tgz",
      "integrity": "sha512-FS+XFBNvn3GTAWq26joslQgWNoFu08F4kl0J4CgdNKADkdSGXQyTCnKteIAJy96Br6YbpEU1LSzV5dYtjMkMDg==",
      "license": "MIT",
      "peer": true,
      "engines": {
        "node": ">=0.10.0"
      }
    },
    "node_modules/react-dom": {
      "version": "19.1.0",
      "resolved": "https://registry.npmjs.org/react-dom/-/react-dom-19.1.0.tgz",
      "integrity": "sha512-Xs1hdnE+DyKgeHJeJznQmYMIBG3TKIHJJT95Q58nHLSrElKlGQqDTR2HQ9fx5CN/Gk6Vh/kupBTDLU11/nDk/g==",
      "license": "MIT",
      "peer": true,
      "dependencies": {
        "scheduler": "^0.26.0"
      },
      "peerDependencies": {
        "react": "^19.1.0"
      }
    },
    "node_modules/react-textarea-autosize": {
      "version": "8.5.9",
      "resolved": "https://registry.npmjs.org/react-textarea-autosize/-/react-textarea-autosize-8.5.9.tgz",
      "integrity": "sha512-U1DGlIQN5AwgjTyOEnI1oCcMuEr1pv1qOtklB2l4nyMGbHzWrI0eFsYK0zos2YWqAolJyG0IWJaqWmWj5ETh0A==",
      "license": "MIT",
      "dependencies": {
        "@babel/runtime": "^7.20.13",
        "use-composed-ref": "^1.3.0",
        "use-latest": "^1.2.1"
      },
      "engines": {
        "node": ">=10"
      },
      "peerDependencies": {
        "react": "^16.8.0 || ^17.0.0 || ^18.0.0 || ^19.0.0"
      }
    },
    "node_modules/scheduler": {
      "version": "0.26.0",
      "resolved": "https://registry.npmjs.org/scheduler/-/scheduler-0.26.0.tgz",
      "integrity": "sha512-NlHwttCI/l5gCPR3D1nNXtWABUmBwvZpEQiD4IXSbIDq8BzLIK/7Ir5gTFSGZDUu37K5cMNp0hFtzO38sC7gWA==",
      "license": "MIT",
      "peer": true
    },
    "node_modules/simple-swizzle": {
      "version": "0.2.2",
      "resolved": "https://registry.npmjs.org/simple-swizzle/-/simple-swizzle-0.2.2.tgz",
      "integrity": "sha512-JA//kQgZtbuY83m+xT+tXJkmJncGMTFT+C+g2h2R9uxkYIrE2yy9sgmcLhCnw57/WSD+Eh3J97FPEDFnbXnDUg==",
      "license": "MIT",
      "dependencies": {
        "is-arrayish": "^0.3.1"
      }
    },
    "node_modules/source-map-js": {
      "version": "1.2.1",
      "resolved": "https://registry.npmjs.org/source-map-js/-/source-map-js-1.2.1.tgz",
      "integrity": "sha512-UXWMKhLOwVKb728IUtQPXxfYU+usdybtUrK/8uGE8CQMvrhOpwvzDBwj0QhSL7MQc7vIsISBG8VQ8+IDQxpfQA==",
      "dev": true,
      "license": "BSD-3-Clause",
      "engines": {
        "node": ">=0.10.0"
      }
    },
    "node_modules/tailwind-merge": {
      "version": "2.5.4",
      "resolved": "https://registry.npmjs.org/tailwind-merge/-/tailwind-merge-2.5.4.tgz",
      "integrity": "sha512-0q8cfZHMu9nuYP/b5Shb7Y7Sh1B7Nnl5GqNr1U+n2p6+mybvRtayrQ+0042Z5byvTA8ihjlP8Odo8/VnHbZu4Q==",
      "license": "MIT",
      "funding": {
        "type": "github",
        "url": "https://github.com/sponsors/dcastil"
      }
    },
    "node_modules/tailwind-variants": {
      "version": "0.3.0",
      "resolved": "https://registry.npmjs.org/tailwind-variants/-/tailwind-variants-0.3.0.tgz",
      "integrity": "sha512-ho2k5kn+LB1fT5XdNS3Clb96zieWxbStE9wNLK7D0AV64kdZMaYzAKo0fWl6fXLPY99ffF9oBJnIj5escEl/8A==",
      "license": "MIT",
      "dependencies": {
        "tailwind-merge": "^2.5.4"
      },
      "engines": {
        "node": ">=16.x",
        "pnpm": ">=7.x"
      },
      "peerDependencies": {
        "tailwindcss": "*"
      }
    },
    "node_modules/tailwindcss": {
      "version": "4.1.11",
      "resolved": "https://registry.npmjs.org/tailwindcss/-/tailwindcss-4.1.11.tgz",
      "integrity": "sha512-2E9TBm6MDD/xKYe+dvJZAmg3yxIEDNRc0jwlNyDg/4Fil2QcSLjFKGVff0lAf1jjeaArlG/M75Ey/EYr/OJtBA==",
      "license": "MIT"
    },
    "node_modules/tslib": {
      "version": "2.8.1",
      "resolved": "https://registry.npmjs.org/tslib/-/tslib-2.8.1.tgz",
      "integrity": "sha512-oJFu94HQb+KVduSUQL7wnpmqnfmLsOA/nAh6b6EH0wCEoK0/mPeXU6c3wKDV83MkOuHPRHtSXKKU99IBazS/2w==",
      "license": "0BSD"
    },
    "node_modules/update-browserslist-db": {
      "version": "1.1.3",
      "resolved": "https://registry.npmjs.org/update-browserslist-db/-/update-browserslist-db-1.1.3.tgz",
      "integrity": "sha512-UxhIZQ+QInVdunkDAaiazvvT/+fXL5Osr0JZlJulepYu6Jd7qJtDZjlur0emRlT71EN3ScPoE7gvsuIKKNavKw==",
      "dev": true,
      "funding": [
        {
          "type": "opencollective",
          "url": "https://opencollective.com/browserslist"
        },
        {
          "type": "tidelift",
          "url": "https://tidelift.com/funding/github/npm/browserslist"
        },
        {
          "type": "github",
          "url": "https://github.com/sponsors/ai"
        }
      ],
      "license": "MIT",
      "dependencies": {
        "escalade": "^3.2.0",
        "picocolors": "^1.1.1"
      },
      "bin": {
        "update-browserslist-db": "cli.js"
      },
      "peerDependencies": {
        "browserslist": ">= 4.21.0"
      }
    },
    "node_modules/use-composed-ref": {
      "version": "1.4.0",
      "resolved": "https://registry.npmjs.org/use-composed-ref/-/use-composed-ref-1.4.0.tgz",
      "integrity": "sha512-djviaxuOOh7wkj0paeO1Q/4wMZ8Zrnag5H6yBvzN7AKKe8beOaED9SF5/ByLqsku8NP4zQqsvM2u3ew/tJK8/w==",
      "license": "MIT",
      "peerDependencies": {
        "react": "^16.8.0 || ^17.0.0 || ^18.0.0 || ^19.0.0"
      },
      "peerDependenciesMeta": {
        "@types/react": {
          "optional": true
        }
      }
    },
    "node_modules/use-isomorphic-layout-effect": {
      "version": "1.2.1",
      "resolved": "https://registry.npmjs.org/use-isomorphic-layout-effect/-/use-isomorphic-layout-effect-1.2.1.tgz",
      "integrity": "sha512-tpZZ+EX0gaghDAiFR37hj5MgY6ZN55kLiPkJsKxBMZ6GZdOSPJXiOzPM984oPYZ5AnehYx5WQp1+ME8I/P/pRA==",
      "license": "MIT",
      "peerDependencies": {
        "react": "^16.8.0 || ^17.0.0 || ^18.0.0 || ^19.0.0"
      },
      "peerDependenciesMeta": {
        "@types/react": {
          "optional": true
        }
      }
    },
    "node_modules/use-latest": {
      "version": "1.3.0",
      "resolved": "https://registry.npmjs.org/use-latest/-/use-latest-1.3.0.tgz",
      "integrity": "sha512-mhg3xdm9NaM8q+gLT8KryJPnRFOz1/5XPBhmDEVZK1webPzDjrPk7f/mbpeLqTgB9msytYWANxgALOCJKnLvcQ==",
      "license": "MIT",
      "dependencies": {
        "use-isomorphic-layout-effect": "^1.1.1"
      },
      "peerDependencies": {
        "react": "^16.8.0 || ^17.0.0 || ^18.0.0 || ^19.0.0"
      },
      "peerDependenciesMeta": {
        "@types/react": {
          "optional": true
        }
      }
    }
  }
}
